github.com/JohannesKaufmann/dom v0.1.1-0.20240706125338-ff9f3b772364 h1:TDlO/A2QqlNhdvH+hDnu8cv1rouhfHgLwhGzJeHGgFQ=
github.com/JohannesKaufmann/dom v0.1.1-0.20240706125338-ff9f3b772364/go.mod h1:U+fBZLZTYiZCOwQUT04V3J4I+0TxyLNnj0R8nBlO4fk=
github.com/JohannesKaufmann/html-to-markdown/v2 v2.1.0 h1:k6vBBqTmQOqLnaYkELgCU/F9xVPt3xhO1754hvlP/HM=
github.com/JohannesKaufmann/html-to-markdown/v2 v2.1.0/go.mod h1:djCj8ehU80KpSAepQciLcNzrp8hwZ1vQFnYKRo4/Cio=
github.com/google/uuid v1.6.0 h1:NIvaJDMOsjHA8n1jAhLSgzrAzy1Hgr+hNrb57e+94F0=
github.com/google/uuid v1.6.0/go.mod h1:TIyPZe4MgqvfeYDBFedMoGGpEw/LqOeaOT+nhxU+yHo=
github.com/henomis/langfuse-go v0.0.3 h1:Z5Mqlnj1fsok7eAT7jt+N4tegjbhY5HnZQ7wu1iVKss=
github.com/henomis/langfuse-go v0.0.3/go.mod h1:gSRuO3nvjAvk/mgmb7b+9BcoN9s64GvXeaSN7PfVEKQ=
github.com/henomis/restclientgo v1.2.0 h1:KINVh4zW4qAeqgO8qbsI1QhiQcn4xgMv3Px4H7++BCk=
github.com/henomis/restclientgo v1.2.0/go.mod h1:xIeTCu2ZstvRn0fCukNpzXLN3m/kRTU0i0RwAbv7Zug=
github.com/joho/godotenv v1.5.1 h1:7eLL/+HRGLY0ldzfGMeQkb7vMd0as4CfYvUVzLqw0N0=
github.com/joho/godotenv v1.5.1/go.mod h1:f4LDr5Voq0i2e/R5DDNOoa2zzDfwtkZa6DnEwAbqwq4=
github.com/pkg/errors v0.9.1 h1:FEBLx1zS214owpjy7qsBeixbURkuhQAwrK5UwLGTwt4=
github.com/pkg/errors v0.9.1/go.mod h1:bwawxfHBFNV+L2hUp1rHADufV3IMtnDRdf1r5NINEl0=
github.com/yeka/zip v0.0.0-20231116150916-03d6312748a9 h1:K8gF0eekWPEX+57l30ixxzGhHH/qscI3JCnuhbN6V4M=
github.com/yeka/zip v0.0.0-20231116150916-03d6312748a9/go.mod h1:9BnoKCcgJ/+SLhfAXj15352hTOuVmG5Gzo8xNRINfqI=
golang.org/x/crypto v0.28.0 h1:GBDwsMXVQi34v5CCYUm2jkJvu4cbtru2U4TN2PSyQnw=
golang.org/x/crypto v0.28.0/go.mod h1:rmgy+3RHxRZMyY0jjAJShp2zgEdOqj2AO7U0pYmeQ7U=
golang.org/x/net v0.30.0 h1:AcW1SDZMkb8IpzCdQUaIq2sP4sZ4zw+55h6ynffypl4=
golang.org/x/net v0.30.0/go.mod h1:2wGyMJ5iFasEhkwi13ChkO/t1ECNC4X4eBKkVFyYFlU=
